// !$*UTF8*$!
{
	archiveVersion = 1;
	classes = {
	};
	objectVersion = 50;
	objects = {

/* Begin PBXBuildFile section */
		A437E90A25BD9D39007261A3 /* AppDelegate.swift in Sources */ = {isa = PBXBuildFile; fileRef = A437E90925BD9D39007261A3 /* AppDelegate.swift */; };
		A437E90C25BD9D39007261A3 /* SceneDelegate.swift in Sources */ = {isa = PBXBuildFile; fileRef = A437E90B25BD9D39007261A3 /* SceneDelegate.swift */; };
		A437E90E25BD9D39007261A3 /* ViewController.swift in Sources */ = {isa = PBXBuildFile; fileRef = A437E90D25BD9D39007261A3 /* ViewController.swift */; };
		A437E91125BD9D39007261A3 /* Main.storyboard in Resources */ = {isa = PBXBuildFile; fileRef = A437E90F25BD9D39007261A3 /* Main.storyboard */; };
		A437E91325BD9D3B007261A3 /* Assets.xcassets in Resources */ = {isa = PBXBuildFile; fileRef = A437E91225BD9D3B007261A3 /* Assets.xcassets */; };
		A437E91625BD9D3B007261A3 /* LaunchScreen.storyboard in Resources */ = {isa = PBXBuildFile; fileRef = A437E91425BD9D3B007261A3 /* LaunchScreen.storyboard */; };
/* End PBXBuildFile section */

/* Begin PBXFileReference section */
		A437E90625BD9D39007261A3 /* study-planner.app */ = {isa = PBXFileReference; explicitFileType = wrapper.application; includeInIndex = 0; path = "study-planner.app"; sourceTree = BUILT_PRODUCTS_DIR; };
		A437E90925BD9D39007261A3 /* AppDelegate.swift */ = {isa = PBXFileReference; lastKnownFileType = sourcecode.swift; path = AppDelegate.swift; sourceTree = "<group>"; };
		A437E90B25BD9D39007261A3 /* SceneDelegate.swift */ = {isa = PBXFileReference; lastKnownFileType = sourcecode.swift; path = SceneDelegate.swift; sourceTree = "<group>"; };
		A437E90D25BD9D39007261A3 /* ViewController.swift */ = {isa = PBXFileReference; lastKnownFileType = sourcecode.swift; path = ViewController.swift; sourceTree = "<group>"; };
		A437E91025BD9D39007261A3 /* Base */ = {isa = PBXFileReference; lastKnownFileType = file.storyboard; name = Base; path = Base.lproj/Main.storyboard; sourceTree = "<group>"; };
		A437E91225BD9D3B007261A3 /* Assets.xcassets */ = {isa = PBXFileReference; lastKnownFileType = folder.assetcatalog; path = Assets.xcassets; sourceTree = "<group>"; };
		A437E91525BD9D3B007261A3 /* Base */ = {isa = PBXFileReference; lastKnownFileType = file.storyboard; name = Base; path = Base.lproj/LaunchScreen.storyboard; sourceTree = "<group>"; };
		A437E91725BD9D3B007261A3 /* Info.plist */ = {isa = PBXFileReference; lastKnownFileType = text.plist.xml; path = Info.plist; sourceTree = "<group>"; };
/* End PBXFileReference section */

/* Begin PBXFrameworksBuildPhase section */
		A437E90325BD9D39007261A3 /* Frameworks */ = {
			isa = PBXFrameworksBuildPhase;
			buildActionMask = 2147483647;
			files = (
			);
			runOnlyForDeploymentPostprocessing = 0;
		};
/* End PBXFrameworksBuildPhase section */

/* Begin PBXGroup section */
		A437E8FD25BD9D39007261A3 = {
			isa = PBXGroup;
			children = (
				A437E90825BD9D39007261A3 /* study-planner */,
				A437E90725BD9D39007261A3 /* Products */,
			);
			sourceTree = "<group>";
		};
		A437E90725BD9D39007261A3 /* Products */ = {
			isa = PBXGroup;
			children = (
				A437E90625BD9D39007261A3 /* study-planner.app */,
			);
			name = Products;
			sourceTree = "<group>";
		};
		A437E90825BD9D39007261A3 /* study-planner */ = {
			isa = PBXGroup;
			children = (
				A437E92025BE4E0A007261A3 /* Storyboards */,
				A437E92125BE4E12007261A3 /* Controllers */,
				A437E91E25BE4DF5007261A3 /* Resources */,
				A437E91725BD9D3B007261A3 /* Info.plist */,
			);
			path = "study-planner";
			sourceTree = "<group>";
		};
		A437E91E25BE4DF5007261A3 /* Resources */ = {
			isa = PBXGroup;
			children = (
				A437E91225BD9D3B007261A3 /* Assets.xcassets */,
				A437E90925BD9D39007261A3 /* AppDelegate.swift */,
				A437E90B25BD9D39007261A3 /* SceneDelegate.swift */,
			);
			path = Resources;
			sourceTree = "<group>";
		};
		A437E92025BE4E0A007261A3 /* Storyboards */ = {
			isa = PBXGroup;
			children = (
				A437E90F25BD9D39007261A3 /* Main.storyboard */,
				A437E91425BD9D3B007261A3 /* LaunchScreen.storyboard */,
			);
			path = Storyboards;
			sourceTree = "<group>";
		};
		A437E92125BE4E12007261A3 /* Controllers */ = {
			isa = PBXGroup;
			children = (
				A437E90D25BD9D39007261A3 /* ViewController.swift */,
			);
			path = Controllers;
			sourceTree = "<group>";
		};
/* End PBXGroup section */

/* Begin PBXNativeTarget section */
		A437E90525BD9D39007261A3 /* study-planner */ = {
			isa = PBXNativeTarget;
			buildConfigurationList = A437E91A25BD9D3B007261A3 /* Build configuration list for PBXNativeTarget "study-planner" */;
			buildPhases = (
				A437E90225BD9D39007261A3 /* Sources */,
				A437E90325BD9D39007261A3 /* Frameworks */,
				A437E90425BD9D39007261A3 /* Resources */,
			);
			buildRules = (
			);
			dependencies = (
			);
			name = "study-planner";
			productName = "study-planner";
			productReference = A437E90625BD9D39007261A3 /* study-planner.app */;
			productType = "com.apple.product-type.application";
		};
/* End PBXNativeTarget section */

/* Begin PBXProject section */
		A437E8FE25BD9D39007261A3 /* Project object */ = {
			isa = PBXProject;
			attributes = {
				LastSwiftUpdateCheck = 1220;
				LastUpgradeCheck = 1220;
				TargetAttributes = {
					A437E90525BD9D39007261A3 = {
						CreatedOnToolsVersion = 12.2;
					};
				};
			};
			buildConfigurationList = A437E90125BD9D39007261A3 /* Build configuration list for PBXProject "study-planner" */;
			compatibilityVersion = "Xcode 9.3";
			developmentRegion = en;
			hasScannedForEncodings = 0;
			knownRegions = (
				en,
				Base,
			);
			mainGroup = A437E8FD25BD9D39007261A3;
			productRefGroup = A437E90725BD9D39007261A3 /* Products */;
			projectDirPath = "";
			projectRoot = "";
			targets = (
				A437E90525BD9D39007261A3 /* study-planner */,
			);
		};
/* End PBXProject section */

/* Begin PBXResourcesBuildPhase section */
		A437E90425BD9D39007261A3 /* Resources */ = {
			isa = PBXResourcesBuildPhase;
			buildActionMask = 2147483647;
			files = (
				A437E91625BD9D3B007261A3 /* LaunchScreen.storyboard in Resources */,
				A437E91325BD9D3B007261A3 /* Assets.xcassets in Resources */,
				A437E91125BD9D39007261A3 /* Main.storyboard in Resources */,
			);
			runOnlyForDeploymentPostprocessing = 0;
		};
/* End PBXResourcesBuildPhase section */

/* Begin PBXSourcesBuildPhase section */
		A437E90225BD9D39007261A3 /* Sources */ = {
			isa = PBXSourcesBuildPhase;
			buildActionMask = 2147483647;
			files = (
				A437E90E25BD9D39007261A3 /* ViewController.swift in Sources */,
				A437E90A25BD9D39007261A3 /* AppDelegate.swift in Sources */,
				A437E90C25BD9D39007261A3 /* SceneDelegate.swift in Sources */,
			);
			runOnlyForDeploymentPostprocessing = 0;
		};
/* End PBXSourcesBuildPhase section */

/* Begin PBXVariantGroup section */
		A437E90F25BD9D39007261A3 /* Main.storyboard */ = {
			isa = PBXVariantGroup;
			children = (
				A437E91025BD9D39007261A3 /* Base */,
			);
			name = Main.storyboard;
			sourceTree = "<group>";
		};
		A437E91425BD9D3B007261A3 /* LaunchScreen.storyboard */ = {
			isa = PBXVariantGroup;
			children = (
				A437E91525BD9D3B007261A3 /* Base */,
			);
			name = LaunchScreen.storyboard;
			sourceTree = "<group>";
		};
/* End PBXVariantGroup section */

/* Begin XCBuildConfiguration section */
		A437E91825BD9D3B007261A3 /* Debug */ = {
			isa = XCBuildConfiguration;
			buildSettings = {
				ALWAYS_SEARCH_USER_PATHS = NO;
				CLANG_ANALYZER_NONNULL = YES;
				CLANG_ANALYZER_NUMBER_OBJECT_CONVERSION = YES_AGGRESSIVE;
				CLANG_CXX_LANGUAGE_STANDARD = "gnu++14";
				CLANG_CXX_LIBRARY = "libc++";
				CLANG_ENABLE_MODULES = YES;
				CLANG_ENABLE_OBJC_ARC = YES;
				CLANG_ENABLE_OBJC_WEAK = YES;
				CLANG_WARN_BLOCK_CAPTURE_AUTORELEASING = YES;
				CLANG_WARN_BOOL_CONVERSION = YES;
				CLANG_WARN_COMMA = YES;
				CLANG_WARN_CONSTANT_CONVERSION = YES;
				CLANG_WARN_DEPRECATED_OBJC_IMPLEMENTATIONS = YES;
				CLANG_WARN_DIRECT_OBJC_ISA_USAGE = YES_ERROR;
				CLANG_WARN_DOCUMENTATION_COMMENTS = YES;
				CLANG_WARN_EMPTY_BODY = YES;
				CLANG_WARN_ENUM_CONVERSION = YES;
				CLANG_WARN_INFINITE_RECURSION = YES;
				CLANG_WARN_INT_CONVERSION = YES;
				CLANG_WARN_NON_LITERAL_NULL_CONVERSION = YES;
				CLANG_WARN_OBJC_IMPLICIT_RETAIN_SELF = YES;
				CLANG_WARN_OBJC_LITERAL_CONVERSION = YES;
				CLANG_WARN_OBJC_ROOT_CLASS = YES_ERROR;
				CLANG_WARN_QUOTED_INCLUDE_IN_FRAMEWORK_HEADER = YES;
				CLANG_WARN_RANGE_LOOP_ANALYSIS = YES;
				CLANG_WARN_STRICT_PROTOTYPES = YES;
				CLANG_WARN_SUSPICIOUS_MOVE = YES;
				CLANG_WARN_UNGUARDED_AVAILABILITY = YES_AGGRESSIVE;
				CLANG_WARN_UNREACHABLE_CODE = YES;
				CLANG_WARN__DUPLICATE_METHOD_MATCH = YES;
				COPY_PHASE_STRIP = NO;
				DEBUG_INFORMATION_FORMAT = dwarf;
				ENABLE_STRICT_OBJC_MSGSEND = YES;
				ENABLE_TESTABILITY = YES;
				GCC_C_LANGUAGE_STANDARD = gnu11;
				GCC_DYNAMIC_NO_PIC = NO;
				GCC_NO_COMMON_BLOCKS = YES;
				GCC_OPTIMIZATION_LEVEL = 0;
				GCC_PREPROCESSOR_DEFINITIONS = (
					"DEBUG=1",
					"$(inherited)",
				);
				GCC_WARN_64_TO_32_BIT_CONVERSION = YES;
				GCC_WARN_ABOUT_RETURN_TYPE = YES_ERROR;
				GCC_WARN_UNDECLARED_SELECTOR = YES;
				GCC_WARN_UNINITIALIZED_AUTOS = YES_AGGRESSIVE;
				GCC_WARN_UNUSED_FUNCTION = YES;
				GCC_WARN_UNUSED_VARIABLE = YES;
				IPHONEOS_DEPLOYMENT_TARGET = 14.2;
				MTL_ENABLE_DEBUG_INFO = INCLUDE_SOURCE;
				MTL_FAST_MATH = YES;
				ONLY_ACTIVE_ARCH = YES;
				SDKROOT = iphoneos;
				SWIFT_ACTIVE_COMPILATION_CONDITIONS = DEBUG;
				SWIFT_OPTIMIZATION_LEVEL = "-Onone";
			};
			name = Debug;
		};
		A437E91925BD9D3B007261A3 /* Release */ = {
			isa = XCBuildConfiguration;
			buildSettings = {
				ALWAYS_SEARCH_USER_PATHS = NO;
				CLANG_ANALYZER_NONNULL = YES;
				CLANG_ANALYZER_NUMBER_OBJECT_CONVERSION = YES_AGGRESSIVE;
				CLANG_CXX_LANGUAGE_STANDARD = "gnu++14";
				CLANG_CXX_LIBRARY = "libc++";
				CLANG_ENABLE_MODULES = YES;
				CLANG_ENABLE_OBJC_ARC = YES;
				CLANG_ENABLE_OBJC_WEAK = YES;
				CLANG_WARN_BLOCK_CAPTURE_AUTORELEASING = YES;
				CLANG_WARN_BOOL_CONVERSION = YES;
				CLANG_WARN_COMMA = YES;
				CLANG_WARN_CONSTANT_CONVERSION = YES;
				CLANG_WARN_DEPRECATED_OBJC_IMPLEMENTATIONS = YES;
				CLANG_WARN_DIRECT_OBJC_ISA_USAGE = YES_ERROR;
				CLANG_WARN_DOCUMENTATION_COMMENTS = YES;
				CLANG_WARN_EMPTY_BODY = YES;
				CLANG_WARN_ENUM_CONVERSION = YES;
				CLANG_WARN_INFINITE_RECURSION = YES;
				CLANG_WARN_INT_CONVERSION = YES;
				CLANG_WARN_NON_LITERAL_NULL_CONVERSION = YES;
				CLANG_WARN_OBJC_IMPLICIT_RETAIN_SELF = YES;
				CLANG_WARN_OBJC_LITERAL_CONVERSION = YES;
				CLANG_WARN_OBJC_ROOT_CLASS = YES_ERROR;
				CLANG_WARN_QUOTED_INCLUDE_IN_FRAMEWORK_HEADER = YES;
				CLANG_WARN_RANGE_LOOP_ANALYSIS = YES;
				CLANG_WARN_STRICT_PROTOTYPES = YES;
				CLANG_WARN_SUSPICIOUS_MOVE = YES;
				CLANG_WARN_UNGUARDED_AVAILABILITY = YES_AGGRESSIVE;
				CLANG_WARN_UNREACHABLE_CODE = YES;
				CLANG_WARN__DUPLICATE_METHOD_MATCH = YES;
				COPY_PHASE_STRIP = NO;
				DEBUG_INFORMATION_FORMAT = "dwarf-with-dsym";
				ENABLE_NS_ASSERTIONS = NO;
				ENABLE_STRICT_OBJC_MSGSEND = YES;
				GCC_C_LANGUAGE_STANDARD = gnu11;
				GCC_NO_COMMON_BLOCKS = YES;
				GCC_WARN_64_TO_32_BIT_CONVERSION = YES;
				GCC_WARN_ABOUT_RETURN_TYPE = YES_ERROR;
				GCC_WARN_UNDECLARED_SELECTOR = YES;
				GCC_WARN_UNINITIALIZED_AUTOS = YES_AGGRESSIVE;
				GCC_WARN_UNUSED_FUNCTION = YES;
				GCC_WARN_UNUSED_VARIABLE = YES;
				IPHONEOS_DEPLOYMENT_TARGET = 14.2;
				MTL_ENABLE_DEBUG_INFO = NO;
				MTL_FAST_MATH = YES;
				SDKROOT = iphoneos;
				SWIFT_COMPILATION_MODE = wholemodule;
				SWIFT_OPTIMIZATION_LEVEL = "-O";
				VALIDATE_PRODUCT = YES;
			};
			name = Release;
		};
		A437E91B25BD9D3B007261A3 /* Debug */ = {
			isa = XCBuildConfiguration;
			buildSettings = {
				ASSETCATALOG_COMPILER_APPICON_NAME = AppIcon;
				ASSETCATALOG_COMPILER_GLOBAL_ACCENT_COLOR_NAME = AccentColor;
				CODE_SIGN_STYLE = Automatic;
				DEVELOPMENT_TEAM = 8AJ5A7ZZ3N;
				INFOPLIST_FILE = "study-planner/Info.plist";
				LD_RUNPATH_SEARCH_PATHS = (
					"$(inherited)",
					"@executable_path/Frameworks",
				);
				PRODUCT_BUNDLE_IDENTIFIER = "Robert-Overs.study-planner";
				PRODUCT_NAME = "$(TARGET_NAME)";
				SWIFT_VERSION = 5.0;
				TARGETED_DEVICE_FAMILY = "1,2";
			};
			name = Debug;
		};
		A437E91C25BD9D3B007261A3 /* Release */ = {
			isa = XCBuildConfiguration;
			buildSettings = {
				ASSETCATALOG_COMPILER_APPICON_NAME = AppIcon;
				ASSETCATALOG_COMPILER_GLOBAL_ACCENT_COLOR_NAME = AccentColor;
				CODE_SIGN_STYLE = Automatic;
				DEVELOPMENT_TEAM = 8AJ5A7ZZ3N;
				INFOPLIST_FILE = "study-planner/Info.plist";
				LD_RUNPATH_SEARCH_PATHS = (
					"$(inherited)",
					"@executable_path/Frameworks",
				);
				PRODUCT_BUNDLE_IDENTIFIER = "Robert-Overs.study-planner";
				PRODUCT_NAME = "$(TARGET_NAME)";
				SWIFT_VERSION = 5.0;
				TARGETED_DEVICE_FAMILY = "1,2";
			};
			name = Release;
		};
/* End XCBuildConfiguration section */

/* Begin XCConfigurationList section */
		A437E90125BD9D39007261A3 /* Build configuration list for PBXProject "study-planner" */ = {
			isa = XCConfigurationList;
			buildConfigurations = (
				A437E91825BD9D3B007261A3 /* Debug */,
				A437E91925BD9D3B007261A3 /* Release */,
			);
			defaultConfigurationIsVisible = 0;
			defaultConfigurationName = Release;
		};
		A437E91A25BD9D3B007261A3 /* Build configuration list for PBXNativeTarget "study-planner" */ = {
			isa = XCConfigurationList;
			buildConfigurations = (
				A437E91B25BD9D3B007261A3 /* Debug */,
				A437E91C25BD9D3B007261A3 /* Release */,
			);
			defaultConfigurationIsVisible = 0;
			defaultConfigurationName = Release;
		};
/* End XCConfigurationList section */
	};
	rootObject = A437E8FE25BD9D39007261A3 /* Project object */;
}
